# THIS IS AN AUTOGENERATED FILE. DO NOT EDIT THIS FILE DIRECTLY.
# yarn lockfile v1
clipboard:
  version "1.5.15"
  resolved "https://registry.yarnpkg.com/clipboard/-/clipboard-1.5.15.tgz#6f24bf58a89b5a3fc1070dabdeaeaebb68382cee"
  dependencies:
    good-listener "^1.2.0"
    select "^1.0.6"
    tiny-emitter "^1.0.0"

delegate@^3.1.0:
  version "3.1.0"
  resolved "https://registry.yarnpkg.com/delegate/-/delegate-3.1.0.tgz#30c5c9ddbab0547e527dbbbb89d1495ab4cddc93"

good-listener@^1.2.0:
  version "1.2.0"
  resolved "https://registry.yarnpkg.com/good-listener/-/good-listener-1.2.0.tgz#c473e31ba8c12cf82b6137cd867565beab5ba053"
  dependencies:
    delegate "^3.1.0"

select@^1.0.6:
  version "1.1.0"
  resolved "https://registry.yarnpkg.com/select/-/select-1.1.0.tgz#a6c520cd9ab919ad81c7d1a273e0452f504dd7a2"

tiny-emitter@^1.0.0:
  version "1.1.0"
  resolved "https://registry.yarnpkg.com/tiny-emitter/-/tiny-emitter-1.1.0.tgz#ab405a21ffed814a76c19739648093d70654fecb"

